
Microsoft Visual Studio Solution File, Format Version 12.00
# Visual Studio Version 16
VisualStudioVersion = 16.0.31702.278
MinimumVisualStudioVersion = 10.0.40219.1
Project("{FAE04EC0-301F-11D3-BF4B-00C04F79EFBC}") = "lines", "lines\lines.csproj", "{AFAE0F69-AB0E-412F-AB1A-2E8AAFA8B483}"
EndProject
Global
	GlobalSection(SolutionConfigurationPlatforms) = preSolution
		Debug|Any CPU = Debug|Any CPU
		Release|Any CPU = Release|Any CPU
	EndGlobalSection
	GlobalSection(ProjectConfigurationPlatforms) = postSolution
		{AFAE0F69-AB0E-412F-AB1A-2E8AAFA8B483}.Debug|Any CPU.ActiveCfg = Debug|Any CPU
		{AFAE0F69-AB0E-412F-AB1A-2E8AAFA8B483}.Debug|Any CPU.Build.0 = Debug|Any CPU
		{AFAE0F69-AB0E-412F-AB1A-2E8AAFA8B483}.Release|Any CPU.ActiveCfg = Release|Any CPU
		{AFAE0F69-AB0E-412F-AB1A-2E8AAFA8B483}.Release|Any CPU.Build.0 = Release|Any CPU
	EndGlobalSection
	GlobalSection(SolutionProperties) = preSolution
		HideSolutionNode = FALSE
	EndGlobalSection
	GlobalSection(ExtensibilityGlobals) = postSolution
		SolutionGuid = {C4FF6233-0015-4F44-B026-A711B78C77C1}
	EndGlobalSection
EndGlobal
